
Microsoft Visual Studio Solution File, Format Version 11.00
# Visual Studio 2010
Project("{FAE04EC0-301F-11D3-BF4B-00C04F79EFBC}") = "BCI_Unity", "Assembly-CSharp.csproj", "{83BE13FD-69CB-CBC0-9950-EE0B10C05616}"
EndProject
Global
	GlobalSection(SolutionConfigurationPlatforms) = preSolution
		Debug|Any CPU = Debug|Any CPU
		Release|Any CPU = Release|Any CPU
	EndGlobalSection
	GlobalSection(ProjectConfigurationPlatforms) = postSolution
		{83BE13FD-69CB-CBC0-9950-EE0B10C05616}.Debug|Any CPU.ActiveCfg = Debug|Any CPU
		{83BE13FD-69CB-CBC0-9950-EE0B10C05616}.Debug|Any CPU.Build.0 = Debug|Any CPU
		{83BE13FD-69CB-CBC0-9950-EE0B10C05616}.Release|Any CPU.ActiveCfg = Release|Any CPU
		{83BE13FD-69CB-CBC0-9950-EE0B10C05616}.Release|Any CPU.Build.0 = Release|Any CPU
	EndGlobalSection
	GlobalSection(SolutionProperties) = preSolution
		HideSolutionNode = FALSE
	EndGlobalSection
	GlobalSection(MonoDevelopProperties) = preSolution
		StartupItem = Assembly-CSharp.csproj
	EndGlobalSection
EndGlobal
